// !$*UTF8*$!
{
	archiveVersion = 1;
	classes = {
	};
	objectVersion = 46;
	objects = {

/* Begin PBXBuildFile section */
		FC3848111A673B0500F9AF07 /* AppDelegate.swift in Sources */ = {isa = PBXBuildFile; fileRef = FC3848101A673B0500F9AF07 /* AppDelegate.swift */; };
		FC3848131A673B0500F9AF07 /* ViewController.swift in Sources */ = {isa = PBXBuildFile; fileRef = FC3848121A673B0500F9AF07 /* ViewController.swift */; };
		FC3848161A673B0500F9AF07 /* Main.storyboard in Resources */ = {isa = PBXBuildFile; fileRef = FC3848141A673B0500F9AF07 /* Main.storyboard */; };
		FC3848181A673B0500F9AF07 /* Images.xcassets in Resources */ = {isa = PBXBuildFile; fileRef = FC3848171A673B0500F9AF07 /* Images.xcassets */; };
		FC38481B1A673B0500F9AF07 /* LaunchScreen.xib in Resources */ = {isa = PBXBuildFile; fileRef = FC3848191A673B0500F9AF07 /* LaunchScreen.xib */; };
		FC3848271A673B0500F9AF07 /* PackItTests.swift in Sources */ = {isa = PBXBuildFile; fileRef = FC3848261A673B0500F9AF07 /* PackItTests.swift */; };
/* End PBXBuildFile section */

/* Begin PBXContainerItemProxy section */
		FC3848211A673B0500F9AF07 /* PBXContainerItemProxy */ = {
			isa = PBXContainerItemProxy;
			containerPortal = FC3848031A673B0500F9AF07 /* Project object */;
			proxyType = 1;
			remoteGlobalIDString = FC38480A1A673B0500F9AF07;
			remoteInfo = PackIt;
		};
/* End PBXContainerItemProxy section */

/* Begin PBXFileReference section */
		FC38480B1A673B0500F9AF07 /* PackIt.app */ = {isa = PBXFileReference; explicitFileType = wrapper.application; includeInIndex = 0; path = PackIt.app; sourceTree = BUILT_PRODUCTS_DIR; };
		FC38480F1A673B0500F9AF07 /* Info.plist */ = {isa = PBXFileReference; lastKnownFileType = text.plist.xml; path = Info.plist; sourceTree = "<group>"; };
		FC3848101A673B0500F9AF07 /* AppDelegate.swift */ = {isa = PBXFileReference; lastKnownFileType = sourcecode.swift; path = AppDelegate.swift; sourceTree = "<group>"; };
		FC3848121A673B0500F9AF07 /* ViewController.swift */ = {isa = PBXFileReference; lastKnownFileType = sourcecode.swift; path = ViewController.swift; sourceTree = "<group>"; };
		FC3848151A673B0500F9AF07 /* Base */ = {isa = PBXFileReference; lastKnownFileType = file.storyboard; name = Base; path = Base.lproj/Main.storyboard; sourceTree = "<group>"; };
		FC3848171A673B0500F9AF07 /* Images.xcassets */ = {isa = PBXFileReference; lastKnownFileType = folder.assetcatalog; path = Images.xcassets; sourceTree = "<group>"; };
		FC38481A1A673B0500F9AF07 /* Base */ = {isa = PBXFileReference; lastKnownFileType = file.xib; name = Base; path = Base.lproj/LaunchScreen.xib; sourceTree = "<group>"; };
		FC3848201A673B0500F9AF07 /* PackItTests.xctest */ = {isa = PBXFileReference; explicitFileType = wrapper.cfbundle; includeInIndex = 0; path = PackItTests.xctest; sourceTree = BUILT_PRODUCTS_DIR; };
		FC3848251A673B0500F9AF07 /* Info.plist */ = {isa = PBXFileReference; lastKnownFileType = text.plist.xml; path = Info.plist; sourceTree = "<group>"; };
		FC3848261A673B0500F9AF07 /* PackItTests.swift */ = {isa = PBXFileReference; lastKnownFileType = sourcecode.swift; path = PackItTests.swift; sourceTree = "<group>"; };
/* End PBXFileReference section */

/* Begin PBXFrameworksBuildPhase section */
		FC3848081A673B0500F9AF07 /* Frameworks */ = {
			isa = PBXFrameworksBuildPhase;
			buildActionMask = 2147483647;
			files = (
			);
			runOnlyForDeploymentPostprocessing = 0;
		};
		FC38481D1A673B0500F9AF07 /* Frameworks */ = {
			isa = PBXFrameworksBuildPhase;
			buildActionMask = 2147483647;
			files = (
			);
			runOnlyForDeploymentPostprocessing = 0;
		};
/* End PBXFrameworksBuildPhase section */

/* Begin PBXGroup section */
		FC3848021A673B0500F9AF07 = {
			isa = PBXGroup;
			children = (
				FC38480D1A673B0500F9AF07 /* PackIt */,
				FC3848231A673B0500F9AF07 /* PackItTests */,
				FC38480C1A673B0500F9AF07 /* Products */,
			);
			sourceTree = "<group>";
		};
		FC38480C1A673B0500F9AF07 /* Products */ = {
			isa = PBXGroup;
			children = (
				FC38480B1A673B0500F9AF07 /* PackIt.app */,
				FC3848201A673B0500F9AF07 /* PackItTests.xctest */,
			);
			name = Products;
			sourceTree = "<group>";
		};
		FC38480D1A673B0500F9AF07 /* PackIt */ = {
			isa = PBXGroup;
			children = (
				FC3848101A673B0500F9AF07 /* AppDelegate.swift */,
				FC3848121A673B0500F9AF07 /* ViewController.swift */,
				FC3848141A673B0500F9AF07 /* Main.storyboard */,
				FC3848171A673B0500F9AF07 /* Images.xcassets */,
				FC3848191A673B0500F9AF07 /* LaunchScreen.xib */,
				FC38480E1A673B0500F9AF07 /* Supporting Files */,
			);
			path = PackIt;
			sourceTree = "<group>";
		};
		FC38480E1A673B0500F9AF07 /* Supporting Files */ = {
			isa = PBXGroup;
			children = (
				FC38480F1A673B0500F9AF07 /* Info.plist */,
			);
			name = "Supporting Files";
			sourceTree = "<group>";
		};
		FC3848231A673B0500F9AF07 /* PackItTests */ = {
			isa = PBXGroup;
			children = (
				FC3848261A673B0500F9AF07 /* PackItTests.swift */,
				FC3848241A673B0500F9AF07 /* Supporting Files */,
			);
			path = PackItTests;
			sourceTree = "<group>";
		};
		FC3848241A673B0500F9AF07 /* Supporting Files */ = {
			isa = PBXGroup;
			children = (
				FC3848251A673B0500F9AF07 /* Info.plist */,
			);
			name = "Supporting Files";
			sourceTree = "<group>";
		};
/* End PBXGroup section */

/* Begin PBXNativeTarget section */
		FC38480A1A673B0500F9AF07 /* PackIt */ = {
			isa = PBXNativeTarget;
			buildConfigurationList = FC38482A1A673B0500F9AF07 /* Build configuration list for PBXNativeTarget "PackIt" */;
			buildPhases = (
				FC3848071A673B0500F9AF07 /* Sources */,
				FC3848081A673B0500F9AF07 /* Frameworks */,
				FC3848091A673B0500F9AF07 /* Resources */,
			);
			buildRules = (
			);
			dependencies = (
			);
			name = PackIt;
			productName = PackIt;
			productReference = FC38480B1A673B0500F9AF07 /* PackIt.app */;
			productType = "com.apple.product-type.application";
		};
		FC38481F1A673B0500F9AF07 /* PackItTests */ = {
			isa = PBXNativeTarget;
			buildConfigurationList = FC38482D1A673B0500F9AF07 /* Build configuration list for PBXNativeTarget "PackItTests" */;
			buildPhases = (
				FC38481C1A673B0500F9AF07 /* Sources */,
				FC38481D1A673B0500F9AF07 /* Frameworks */,
				FC38481E1A673B0500F9AF07 /* Resources */,
			);
			buildRules = (
			);
			dependencies = (
				FC3848221A673B0500F9AF07 /* PBXTargetDependency */,
			);
			name = PackItTests;
			productName = PackItTests;
			productReference = FC3848201A673B0500F9AF07 /* PackItTests.xctest */;
			productType = "com.apple.product-type.bundle.unit-test";
		};
/* End PBXNativeTarget section */

/* Begin PBXProject section */
		FC3848031A673B0500F9AF07 /* Project object */ = {
			isa = PBXProject;
			attributes = {
				LastUpgradeCheck = 0610;
				ORGANIZATIONNAME = "Aaron Hodgson";
				TargetAttributes = {
					FC38480A1A673B0500F9AF07 = {
						CreatedOnToolsVersion = 6.1;
					};
					FC38481F1A673B0500F9AF07 = {
						CreatedOnToolsVersion = 6.1;
						TestTargetID = FC38480A1A673B0500F9AF07;
					};
				};
			};
			buildConfigurationList = FC3848061A673B0500F9AF07 /* Build configuration list for PBXProject "PackIt" */;
			compatibilityVersion = "Xcode 3.2";
			developmentRegion = English;
			hasScannedForEncodings = 0;
			knownRegions = (
				en,
				Base,
			);
			mainGroup = FC3848021A673B0500F9AF07;
			productRefGroup = FC38480C1A673B0500F9AF07 /* Products */;
			projectDirPath = "";
			projectRoot = "";
			targets = (
				FC38480A1A673B0500F9AF07 /* PackIt */,
				FC38481F1A673B0500F9AF07 /* PackItTests */,
			);
		};
/* End PBXProject section */

/* Begin PBXResourcesBuildPhase section */
		FC3848091A673B0500F9AF07 /* Resources */ = {
			isa = PBXResourcesBuildPhase;
			buildActionMask = 2147483647;
			files = (
				FC3848161A673B0500F9AF07 /* Main.storyboard in Resources */,
				FC38481B1A673B0500F9AF07 /* LaunchScreen.xib in Resources */,
				FC3848181A673B0500F9AF07 /* Images.xcassets in Resources */,
			);
			runOnlyForDeploymentPostprocessing = 0;
		};
		FC38481E1A673B0500F9AF07 /* Resources */ = {
			isa = PBXResourcesBuildPhase;
			buildActionMask = 2147483647;
			files = (
			);
			runOnlyForDeploymentPostprocessing = 0;
		};
/* End PBXResourcesBuildPhase section */

/* Begin PBXSourcesBuildPhase section */
		FC3848071A673B0500F9AF07 /* Sources */ = {
			isa = PBXSourcesBuildPhase;
			buildActionMask = 2147483647;
			files = (
				FC3848131A673B0500F9AF07 /* ViewController.swift in Sources */,
				FC3848111A673B0500F9AF07 /* AppDelegate.swift in Sources */,
			);
			runOnlyForDeploymentPostprocessing = 0;
		};
		FC38481C1A673B0500F9AF07 /* Sources */ = {
			isa = PBXSourcesBuildPhase;
			buildActionMask = 2147483647;
			files = (
				FC3848271A673B0500F9AF07 /* PackItTests.swift in Sources */,
			);
			runOnlyForDeploymentPostprocessing = 0;
		};
/* End PBXSourcesBuildPhase section */

/* Begin PBXTargetDependency section */
		FC3848221A673B0500F9AF07 /* PBXTargetDependency */ = {
			isa = PBXTargetDependency;
			target = FC38480A1A673B0500F9AF07 /* PackIt */;
			targetProxy = FC3848211A673B0500F9AF07 /* PBXContainerItemProxy */;
		};
/* End PBXTargetDependency section */

/* Begin PBXVariantGroup section */
		FC3848141A673B0500F9AF07 /* Main.storyboard */ = {
			isa = PBXVariantGroup;
			children = (
				FC3848151A673B0500F9AF07 /* Base */,
			);
			name = Main.storyboard;
			sourceTree = "<group>";
		};
		FC3848191A673B0500F9AF07 /* LaunchScreen.xib */ = {
			isa = PBXVariantGroup;
			children = (
				FC38481A1A673B0500F9AF07 /* Base */,
			);
			name = LaunchScreen.xib;
			sourceTree = "<group>";
		};
/* End PBXVariantGroup section */

/* Begin XCBuildConfiguration section */
		FC3848281A673B0500F9AF07 /* Debug */ = {
			isa = XCBuildConfiguration;
			buildSettings = {
				ALWAYS_SEARCH_USER_PATHS = NO;
				CLANG_CXX_LANGUAGE_STANDARD = "gnu++0x";
				CLANG_CXX_LIBRARY = "libc++";
				CLANG_ENABLE_MODULES = YES;
				CLANG_ENABLE_OBJC_ARC = YES;
				CLANG_WARN_BOOL_CONVERSION = YES;
				CLANG_WARN_CONSTANT_CONVERSION = YES;
				CLANG_WARN_DIRECT_OBJC_ISA_USAGE = YES_ERROR;
				CLANG_WARN_EMPTY_BODY = YES;
				CLANG_WARN_ENUM_CONVERSION = YES;
				CLANG_WARN_INT_CONVERSION = YES;
				CLANG_WARN_OBJC_ROOT_CLASS = YES_ERROR;
				CLANG_WARN_UNREACHABLE_CODE = YES;
				CLANG_WARN__DUPLICATE_METHOD_MATCH = YES;
				"CODE_SIGN_IDENTITY[sdk=iphoneos*]" = "iPhone Developer";
				COPY_PHASE_STRIP = NO;
				ENABLE_STRICT_OBJC_MSGSEND = YES;
				GCC_C_LANGUAGE_STANDARD = gnu99;
				GCC_DYNAMIC_NO_PIC = NO;
				GCC_OPTIMIZATION_LEVEL = 0;
				GCC_PREPROCESSOR_DEFINITIONS = (
					"DEBUG=1",
					"$(inherited)",
				);
				GCC_SYMBOLS_PRIVATE_EXTERN = NO;
				GCC_WARN_64_TO_32_BIT_CONVERSION = YES;
				GCC_WARN_ABOUT_RETURN_TYPE = YES_ERROR;
				GCC_WARN_UNDECLARED_SELECTOR = YES;
				GCC_WARN_UNINITIALIZED_AUTOS = YES_AGGRESSIVE;
				GCC_WARN_UNUSED_FUNCTION = YES;
				GCC_WARN_UNUSED_VARIABLE = YES;
				IPHONEOS_DEPLOYMENT_TARGET = 8.0;
				MTL_ENABLE_DEBUG_INFO = YES;
				ONLY_ACTIVE_ARCH = YES;
				SDKROOT = iphoneos;
				SWIFT_OPTIMIZATION_LEVEL = "-Onone";
			};
			name = Debug;
		};
		FC3848291A673B0500F9AF07 /* Release */ = {
			isa = XCBuildConfiguration;
			buildSettings = {
				ALWAYS_SEARCH_USER_PATHS = NO;
				CLANG_CXX_LANGUAGE_STANDARD = "gnu++0x";
				CLANG_CXX_LIBRARY = "libc++";
				CLANG_ENABLE_MODULES = YES;
				CLANG_ENABLE_OBJC_ARC = YES;
				CLANG_WARN_BOOL_CONVERSION = YES;
				CLANG_WARN_CONSTANT_CONVERSION = YES;
				CLANG_WARN_DIRECT_OBJC_ISA_USAGE = YES_ERROR;
				CLANG_WARN_EMPTY_BODY = YES;
				CLANG_WARN_ENUM_CONVERSION = YES;
				CLANG_WARN_INT_CONVERSION = YES;
				CLANG_WARN_OBJC_ROOT_CLASS = YES_ERROR;
				CLANG_WARN_UNREACHABLE_CODE = YES;
				CLANG_WARN__DUPLICATE_METHOD_MATCH = YES;
				"CODE_SIGN_IDENTITY[sdk=iphoneos*]" = "iPhone Developer";
				COPY_PHASE_STRIP = YES;
				ENABLE_NS_ASSERTIONS = NO;
				ENABLE_STRICT_OBJC_MSGSEND = YES;
				GCC_C_LANGUAGE_STANDARD = gnu99;
				GCC_WARN_64_TO_32_BIT_CONVERSION = YES;
				GCC_WARN_ABOUT_RETURN_TYPE = YES_ERROR;
				GCC_WARN_UNDECLARED_SELECTOR = YES;
				GCC_WARN_UNINITIALIZED_AUTOS = YES_AGGRESSIVE;
				GCC_WARN_UNUSED_FUNCTION = YES;
				GCC_WARN_UNUSED_VARIABLE = YES;
				IPHONEOS_DEPLOYMENT_TARGET = 8.0;
				MTL_ENABLE_DEBUG_INFO = NO;
				SDKROOT = iphoneos;
				VALIDATE_PRODUCT = YES;
			};
			name = Release;
		};
		FC38482B1A673B0500F9AF07 /* Debug */ = {
			isa = XCBuildConfiguration;
			buildSettings = {
				ASSETCATALOG_COMPILER_APPICON_NAME = AppIcon;
				INFOPLIST_FILE = PackIt/Info.plist;
				LD_RUNPATH_SEARCH_PATHS = "$(inherited) @executable_path/Frameworks";
				PRODUCT_NAME = "$(TARGET_NAME)";
			};
			name = Debug;
		};
		FC38482C1A673B0500F9AF07 /* Release */ = {
			isa = XCBuildConfiguration;
			buildSettings = {
				ASSETCATALOG_COMPILER_APPICON_NAME = AppIcon;
				INFOPLIST_FILE = PackIt/Info.plist;
				LD_RUNPATH_SEARCH_PATHS = "$(inherited) @executable_path/Frameworks";
				PRODUCT_NAME = "$(TARGET_NAME)";
			};
			name = Release;
		};
		FC38482E1A673B0500F9AF07 /* Debug */ = {
			isa = XCBuildConfiguration;
			buildSettings = {
				BUNDLE_LOADER = "$(TEST_HOST)";
				FRAMEWORK_SEARCH_PATHS = (
					"$(SDKROOT)/Developer/Library/Frameworks",
					"$(inherited)",
				);
				GCC_PREPROCESSOR_DEFINITIONS = (
					"DEBUG=1",
					"$(inherited)",
				);
				INFOPLIST_FILE = PackItTests/Info.plist;
				LD_RUNPATH_SEARCH_PATHS = "$(inherited) @executable_path/Frameworks @loader_path/Frameworks";
				PRODUCT_NAME = "$(TARGET_NAME)";
				TEST_HOST = "$(BUILT_PRODUCTS_DIR)/PackIt.app/PackIt";
			};
			name = Debug;
		};
		FC38482F1A673B0500F9AF07 /* Release */ = {
			isa = XCBuildConfiguration;
			buildSettings = {
				BUNDLE_LOADER = "$(TEST_HOST)";
				FRAMEWORK_SEARCH_PATHS = (
					"$(SDKROOT)/Developer/Library/Frameworks",
					"$(inherited)",
				);
				INFOPLIST_FILE = PackItTests/Info.plist;
				LD_RUNPATH_SEARCH_PATHS = "$(inherited) @executable_path/Frameworks @loader_path/Frameworks";
				PRODUCT_NAME = "$(TARGET_NAME)";
				TEST_HOST = "$(BUILT_PRODUCTS_DIR)/PackIt.app/PackIt";
			};
			name = Release;
		};
/* End XCBuildConfiguration section */

/* Begin XCConfigurationList section */
		FC3848061A673B0500F9AF07 /* Build configuration list for PBXProject "PackIt" */ = {
			isa = XCConfigurationList;
			buildConfigurations = (
				FC3848281A673B0500F9AF07 /* Debug */,
				FC3848291A673B0500F9AF07 /* Release */,
			);
			defaultConfigurationIsVisible = 0;
			defaultConfigurationName = Release;
		};
		FC38482A1A673B0500F9AF07 /* Build configuration list for PBXNativeTarget "PackIt" */ = {
			isa = XCConfigurationList;
			buildConfigurations = (
				FC38482B1A673B0500F9AF07 /* Debug */,
				FC38482C1A673B0500F9AF07 /* Release */,
			);
			defaultConfigurationIsVisible = 0;
		};
		FC38482D1A673B0500F9AF07 /* Build configuration list for PBXNativeTarget "PackItTests" */ = {
			isa = XCConfigurationList;
			buildConfigurations = (
				FC38482E1A673B0500F9AF07 /* Debug */,
				FC38482F1A673B0500F9AF07 /* Release */,
			);
			defaultConfigurationIsVisible = 0;
		};
/* End XCConfigurationList section */
	};
	rootObject = FC3848031A673B0500F9AF07 /* Project object */;
}
